
Microsoft Visual Studio Solution File, Format Version 12.00
# Visual Studio Version 17
VisualStudioVersion = 17.3.32804.467
MinimumVisualStudioVersion = 10.0.40219.1
Project("{FAE04EC0-301F-11D3-BF4B-00C04F79EFBC}") = "Akbil projesi", "Akbil projesi\Akbil projesi.csproj", "{5B1F46A8-CC51-4C9A-949D-1624CD5B4E31}"
EndProject
Global
	GlobalSection(SolutionConfigurationPlatforms) = preSolution
		Debug|Any CPU = Debug|Any CPU
		Release|Any CPU = Release|Any CPU
	EndGlobalSection
	GlobalSection(ProjectConfigurationPlatforms) = postSolution
		{5B1F46A8-CC51-4C9A-949D-1624CD5B4E31}.Debug|Any CPU.ActiveCfg = Debug|Any CPU
		{5B1F46A8-CC51-4C9A-949D-1624CD5B4E31}.Debug|Any CPU.Build.0 = Debug|Any CPU
		{5B1F46A8-CC51-4C9A-949D-1624CD5B4E31}.Release|Any CPU.ActiveCfg = Release|Any CPU
		{5B1F46A8-CC51-4C9A-949D-1624CD5B4E31}.Release|Any CPU.Build.0 = Release|Any CPU
	EndGlobalSection
	GlobalSection(SolutionProperties) = preSolution
		HideSolutionNode = FALSE
	EndGlobalSection
	GlobalSection(ExtensibilityGlobals) = postSolution
		SolutionGuid = {859E734A-34D1-4BC6-A786-935ECFC17EB0}
	EndGlobalSection
EndGlobal
